// !$*UTF8*$!
{
	archiveVersion = 1;
	classes = {
	};
	objectVersion = 54;
	objects = {

/* Begin PBXBuildFile section */
		1DBC666B25C29F2300B955D1 /* Images.xcassets in Resources */ = {isa = PBXBuildFile; fileRef = 5EEC35701D6F132D005B002C /* Images.xcassets */; };
		1DBC666C25C29F2300B955D1 /* Main.storyboard in Resources */ = {isa = PBXBuildFile; fileRef = 5ED0EB671BC669B300FA097F /* Main.storyboard */; };
		1DBC666D25C29F2300B955D1 /* Default-568h@2x.png in Resources */ = {isa = PBXBuildFile; fileRef = 5ED0EB691BC66AAC00FA097F /* Default-568h@2x.png */; };
		1DBC667025C29F2300B955D1 /* main.m in Sources */ = {isa = PBXBuildFile; fileRef = 29B97316FDCFA39411CA2CEA /* main.m */; };
		1DBC667125C29F2300B955D1 /* SpeechKitDocSampleAppDelegate.m in Sources */ = {isa = PBXBuildFile; fileRef = 1D3623250D0F684500981E51 /* SpeechKitDocSampleAppDelegate.m */; };
		1DBC667225C29F2300B955D1 /* SpeechKitDocSampleViewController.m in Sources */ = {isa = PBXBuildFile; fileRef = 28D7ACF70DDB3853001CB0EB /* SpeechKitDocSampleViewController.m */; };
		1DBC667325C29F2300B955D1 /* DictationView.m in Sources */ = {isa = PBXBuildFile; fileRef = 5ED4DA391BC7DD040026213C /* DictationView.m */; };
		1DBC667425C29F2300B955D1 /* LoginViewController.m in Sources */ = {isa = PBXBuildFile; fileRef = ABD527D5132520C2009FE0BF /* LoginViewController.m */; };
		1DBC667625C29F2300B955D1 /* SystemConfiguration.framework in Frameworks */ = {isa = PBXBuildFile; fileRef = 0B55F2BC1FBAE5A000CB7DF7 /* SystemConfiguration.framework */; };
		1FD995032E27EFEF00B6FD14 /* SceneDelegate.m in Sources */ = {isa = PBXBuildFile; fileRef = 1FD995022E27EFEF00B6FD14 /* SceneDelegate.m */; };
		1FDDDA672D00499C00138B41 /* Dragon-Medical-SpeechKit-iOS in Frameworks */ = {isa = PBXBuildFile; productRef = 1FDDDA662D00499C00138B41 /* Dragon-Medical-SpeechKit-iOS */; };
/* End PBXBuildFile section */

/* Begin PBXCopyFilesBuildPhase section */
		1DBC667825C29F2300B955D1 /* Embed Frameworks */ = {
			isa = PBXCopyFilesBuildPhase;
			buildActionMask = 2147483647;
			dstPath = "";
			dstSubfolderSpec = 10;
			files = (
			);
			name = "Embed Frameworks";
			runOnlyForDeploymentPostprocessing = 0;
		};
/* End PBXCopyFilesBuildPhase section */

/* Begin PBXFileReference section */
		0B55F2BC1FBAE5A000CB7DF7 /* SystemConfiguration.framework */ = {isa = PBXFileReference; lastKnownFileType = wrapper.framework; name = SystemConfiguration.framework; path = System/Library/Frameworks/SystemConfiguration.framework; sourceTree = SDKROOT; };
		1D3623240D0F684500981E51 /* SpeechKitDocSampleAppDelegate.h */ = {isa = PBXFileReference; fileEncoding = 4; lastKnownFileType = sourcecode.c.h; path = SpeechKitDocSampleAppDelegate.h; sourceTree = "<group>"; };
		1D3623250D0F684500981E51 /* SpeechKitDocSampleAppDelegate.m */ = {isa = PBXFileReference; fileEncoding = 4; lastKnownFileType = sourcecode.c.objc; path = SpeechKitDocSampleAppDelegate.m; sourceTree = "<group>"; };
		1DBC667C25C29F2300B955D1 /* DMSpeechKitDocSample.app */ = {isa = PBXFileReference; explicitFileType = wrapper.application; includeInIndex = 0; path = DMSpeechKitDocSample.app; sourceTree = BUILT_PRODUCTS_DIR; };
		1FD995012E27EFEF00B6FD14 /* SceneDelegate.h */ = {isa = PBXFileReference; lastKnownFileType = sourcecode.c.h; path = SceneDelegate.h; sourceTree = "<group>"; };
		1FD995022E27EFEF00B6FD14 /* SceneDelegate.m */ = {isa = PBXFileReference; lastKnownFileType = sourcecode.c.objc; path = SceneDelegate.m; sourceTree = "<group>"; };
		28D7ACF60DDB3853001CB0EB /* SpeechKitDocSampleViewController.h */ = {isa = PBXFileReference; fileEncoding = 4; lastKnownFileType = sourcecode.c.h; path = SpeechKitDocSampleViewController.h; sourceTree = "<group>"; };
		28D7ACF70DDB3853001CB0EB /* SpeechKitDocSampleViewController.m */ = {isa = PBXFileReference; fileEncoding = 4; lastKnownFileType = sourcecode.c.objc; path = SpeechKitDocSampleViewController.m; sourceTree = "<group>"; };
		29B97316FDCFA39411CA2CEA /* main.m */ = {isa = PBXFileReference; fileEncoding = 4; lastKnownFileType = sourcecode.c.objc; path = main.m; sourceTree = "<group>"; };
		32CA4F630368D1EE00C91783 /* DMSpeechKitDocSample_Prefix.pch */ = {isa = PBXFileReference; fileEncoding = 4; lastKnownFileType = sourcecode.c.h; path = DMSpeechKitDocSample_Prefix.pch; sourceTree = "<group>"; };
		5ED0EB671BC669B300FA097F /* Main.storyboard */ = {isa = PBXFileReference; fileEncoding = 4; lastKnownFileType = file.storyboard; path = Main.storyboard; sourceTree = "<group>"; };
		5ED0EB691BC66AAC00FA097F /* Default-568h@2x.png */ = {isa = PBXFileReference; lastKnownFileType = image.png; path = "Default-568h@2x.png"; sourceTree = "<group>"; };
		5ED4DA381BC7DD040026213C /* DictationView.h */ = {isa = PBXFileReference; fileEncoding = 4; lastKnownFileType = sourcecode.c.h; path = DictationView.h; sourceTree = "<group>"; };
		5ED4DA391BC7DD040026213C /* DictationView.m */ = {isa = PBXFileReference; fileEncoding = 4; lastKnownFileType = sourcecode.c.objc; path = DictationView.m; sourceTree = "<group>"; };
		5EEC35701D6F132D005B002C /* Images.xcassets */ = {isa = PBXFileReference; lastKnownFileType = folder.assetcatalog; name = Images.xcassets; path = DMSpeechKitDocSample/Images.xcassets; sourceTree = "<group>"; };
		8D1107310486CEB800E47090 /* DMSpeechKitDocSample-Info.plist */ = {isa = PBXFileReference; fileEncoding = 4; lastKnownFileType = text.plist.xml; path = "DMSpeechKitDocSample-Info.plist"; plistStructureDefinitionIdentifier = "com.apple.xcode.plist.structure-definition.iphone.info-plist"; sourceTree = "<group>"; };
		ABD527D4132520C2009FE0BF /* LoginViewController.h */ = {isa = PBXFileReference; fileEncoding = 4; lastKnownFileType = sourcecode.c.h; path = LoginViewController.h; sourceTree = "<group>"; };
		ABD527D5132520C2009FE0BF /* LoginViewController.m */ = {isa = PBXFileReference; fileEncoding = 4; lastKnownFileType = sourcecode.c.objc; path = LoginViewController.m; sourceTree = "<group>"; };
/* End PBXFileReference section */

/* Begin PBXFrameworksBuildPhase section */
		1DBC667525C29F2300B955D1 /* Frameworks */ = {
			isa = PBXFrameworksBuildPhase;
			buildActionMask = 2147483647;
			files = (
				1FDDDA672D00499C00138B41 /* Dragon-Medical-SpeechKit-iOS in Frameworks */,
				1DBC667625C29F2300B955D1 /* SystemConfiguration.framework in Frameworks */,
			);
			runOnlyForDeploymentPostprocessing = 0;
		};
/* End PBXFrameworksBuildPhase section */

/* Begin PBXGroup section */
		080E96DDFE201D6D7F000001 /* Classes */ = {
			isa = PBXGroup;
			children = (
				1FD995012E27EFEF00B6FD14 /* SceneDelegate.h */,
				1FD995022E27EFEF00B6FD14 /* SceneDelegate.m */,
				1D3623240D0F684500981E51 /* SpeechKitDocSampleAppDelegate.h */,
				1D3623250D0F684500981E51 /* SpeechKitDocSampleAppDelegate.m */,
				28D7ACF60DDB3853001CB0EB /* SpeechKitDocSampleViewController.h */,
				28D7ACF70DDB3853001CB0EB /* SpeechKitDocSampleViewController.m */,
				ABD527D4132520C2009FE0BF /* LoginViewController.h */,
				ABD527D5132520C2009FE0BF /* LoginViewController.m */,
				5ED4DA381BC7DD040026213C /* DictationView.h */,
				5ED4DA391BC7DD040026213C /* DictationView.m */,
			);
			path = Classes;
			sourceTree = "<group>";
		};
		0B55F2BB1FBAE5A000CB7DF7 /* Frameworks */ = {
			isa = PBXGroup;
			children = (
				0B55F2BC1FBAE5A000CB7DF7 /* SystemConfiguration.framework */,
			);
			name = Frameworks;
			sourceTree = "<group>";
		};
		19C28FACFE9D520D11CA2CBB /* Products */ = {
			isa = PBXGroup;
			children = (
				1DBC667C25C29F2300B955D1 /* DMSpeechKitDocSample.app */,
			);
			name = Products;
			sourceTree = "<group>";
		};
		29B97314FDCFA39411CA2CEA /* CustomTemplate */ = {
			isa = PBXGroup;
			children = (
				080E96DDFE201D6D7F000001 /* Classes */,
				29B97315FDCFA39411CA2CEA /* Other Sources */,
				29B97317FDCFA39411CA2CEA /* Resources */,
				19C28FACFE9D520D11CA2CBB /* Products */,
				0B55F2BB1FBAE5A000CB7DF7 /* Frameworks */,
			);
			name = CustomTemplate;
			sourceTree = "<group>";
		};
		29B97315FDCFA39411CA2CEA /* Other Sources */ = {
			isa = PBXGroup;
			children = (
				32CA4F630368D1EE00C91783 /* DMSpeechKitDocSample_Prefix.pch */,
				29B97316FDCFA39411CA2CEA /* main.m */,
			);
			name = "Other Sources";
			sourceTree = "<group>";
		};
		29B97317FDCFA39411CA2CEA /* Resources */ = {
			isa = PBXGroup;
			children = (
				5EEC35701D6F132D005B002C /* Images.xcassets */,
				5ED0EB691BC66AAC00FA097F /* Default-568h@2x.png */,
				8D1107310486CEB800E47090 /* DMSpeechKitDocSample-Info.plist */,
				5ED0EB671BC669B300FA097F /* Main.storyboard */,
			);
			name = Resources;
			sourceTree = "<group>";
		};
/* End PBXGroup section */

/* Begin PBXNativeTarget section */
		1DBC666925C29F2300B955D1 /* DMSpeechKitDocSample */ = {
			isa = PBXNativeTarget;
			buildConfigurationList = 1DBC667925C29F2300B955D1 /* Build configuration list for PBXNativeTarget "DMSpeechKitDocSample" */;
			buildPhases = (
				1DBC666A25C29F2300B955D1 /* Resources */,
				1DBC666F25C29F2300B955D1 /* Sources */,
				1DBC667525C29F2300B955D1 /* Frameworks */,
				1DBC667825C29F2300B955D1 /* Embed Frameworks */,
			);
			buildRules = (
			);
			dependencies = (
			);
			name = DMSpeechKitDocSample;
			productName = SpeechAnywhereSample;
			productReference = 1DBC667C25C29F2300B955D1 /* DMSpeechKitDocSample.app */;
			productType = "com.apple.product-type.application";
		};
/* End PBXNativeTarget section */

/* Begin PBXProject section */
		29B97313FDCFA39411CA2CEA /* Project object */ = {
			isa = PBXProject;
			attributes = {
				BuildIndependentTargetsInParallel = YES;
				LastUpgradeCheck = 1640;
			};
			buildConfigurationList = C01FCF4E08A954540054247B /* Build configuration list for PBXProject "DMSpeechKitDocSample" */;
			compatibilityVersion = "Xcode 3.2";
			developmentRegion = en;
			hasScannedForEncodings = 1;
			knownRegions = (
				en,
				Base,
				ja,
				de,
				fr,
			);
			mainGroup = 29B97314FDCFA39411CA2CEA /* CustomTemplate */;
			packageReferences = (
				1FDDDA652D00499C00138B41 /* XCRemoteSwiftPackageReference "DMSK-iOS" */,
			);
			projectDirPath = "";
			projectRoot = "";
			targets = (
				1DBC666925C29F2300B955D1 /* DMSpeechKitDocSample */,
			);
		};
/* End PBXProject section */

/* Begin PBXResourcesBuildPhase section */
		1DBC666A25C29F2300B955D1 /* Resources */ = {
			isa = PBXResourcesBuildPhase;
			buildActionMask = 2147483647;
			files = (
				1DBC666B25C29F2300B955D1 /* Images.xcassets in Resources */,
				1DBC666C25C29F2300B955D1 /* Main.storyboard in Resources */,
				1DBC666D25C29F2300B955D1 /* Default-568h@2x.png in Resources */,
			);
			runOnlyForDeploymentPostprocessing = 0;
		};
/* End PBXResourcesBuildPhase section */

/* Begin PBXSourcesBuildPhase section */
		1DBC666F25C29F2300B955D1 /* Sources */ = {
			isa = PBXSourcesBuildPhase;
			buildActionMask = 2147483647;
			files = (
				1DBC667025C29F2300B955D1 /* main.m in Sources */,
				1FD995032E27EFEF00B6FD14 /* SceneDelegate.m in Sources */,
				1DBC667125C29F2300B955D1 /* SpeechKitDocSampleAppDelegate.m in Sources */,
				1DBC667225C29F2300B955D1 /* SpeechKitDocSampleViewController.m in Sources */,
				1DBC667325C29F2300B955D1 /* DictationView.m in Sources */,
				1DBC667425C29F2300B955D1 /* LoginViewController.m in Sources */,
			);
			runOnlyForDeploymentPostprocessing = 0;
		};
/* End PBXSourcesBuildPhase section */

/* Begin XCBuildConfiguration section */
		1DBC667A25C29F2300B955D1 /* Debug */ = {
			isa = XCBuildConfiguration;
			buildSettings = {
				ALWAYS_SEARCH_USER_PATHS = NO;
				ASSETCATALOG_COMPILER_APPICON_NAME = AppIcon;
				CLANG_ENABLE_MODULES = YES;
				CLANG_ENABLE_OBJC_ARC = YES;
				CLANG_WARN_QUOTED_INCLUDE_IN_FRAMEWORK_HEADER = NO;
				CODE_SIGN_RESOURCE_RULES_PATH = "$(SDKROOT)/ResourceRules.plist";
				COPY_PHASE_STRIP = NO;
				DEVELOPMENT_TEAM = CZ53Q653EJ;
				ENABLE_BITCODE = NO;
				FRAMEWORK_SEARCH_PATHS = "";
				GCC_DYNAMIC_NO_PIC = NO;
				GCC_OPTIMIZATION_LEVEL = 0;
				GCC_PRECOMPILE_PREFIX_HEADER = YES;
				GCC_PREFIX_HEADER = DMSpeechKitDocSample_Prefix.pch;
				HEADER_SEARCH_PATHS = "\"$(SRCROOT)/NuanceSpeechAnywhere/Headers\"";
				INFOPLIST_FILE = "DMSpeechKitDocSample-Info.plist";
				LD_RUNPATH_SEARCH_PATHS = (
					"$(inherited)",
					"@executable_path/Frameworks",
				);
				LIBRARY_SEARCH_PATHS = "$(inherited)";
				PRODUCT_BUNDLE_IDENTIFIER = com.nuance.DMSpeechKitDocSample;
				PRODUCT_NAME = "$(TARGET_NAME)";
				PROVISIONING_PROFILE = "";
				TARGETED_DEVICE_FAMILY = "1,2";
			};
			name = Debug;
		};
		1DBC667B25C29F2300B955D1 /* Release */ = {
			isa = XCBuildConfiguration;
			buildSettings = {
				ALWAYS_SEARCH_USER_PATHS = NO;
				ASSETCATALOG_COMPILER_APPICON_NAME = AppIcon;
				CLANG_ENABLE_MODULES = YES;
				CLANG_ENABLE_OBJC_ARC = YES;
				CLANG_WARN_QUOTED_INCLUDE_IN_FRAMEWORK_HEADER = NO;
				"CODE_SIGN_IDENTITY[sdk=iphoneos*]" = "iPhone Distribution";
				CODE_SIGN_RESOURCE_RULES_PATH = "$(SDKROOT)/ResourceRules.plist";
				CODE_SIGN_STYLE = Manual;
				COPY_PHASE_STRIP = YES;
				DEVELOPMENT_TEAM = "";
				"DEVELOPMENT_TEAM[sdk=iphoneos*]" = CZ53Q653EJ;
				ENABLE_BITCODE = NO;
				FRAMEWORK_SEARCH_PATHS = "";
				GCC_PRECOMPILE_PREFIX_HEADER = YES;
				GCC_PREFIX_HEADER = DMSpeechKitDocSample_Prefix.pch;
				HEADER_SEARCH_PATHS = "\"$(SRCROOT)/NuanceSpeechAnywhere/Headers\"";
				INFOPLIST_FILE = "DMSpeechKitDocSample-Info.plist";
				LD_RUNPATH_SEARCH_PATHS = (
					"$(inherited)",
					"@executable_path/Frameworks",
				);
				LIBRARY_SEARCH_PATHS = "$(inherited)";
				PRODUCT_BUNDLE_IDENTIFIER = com.nuance.DMSpeechKitDocSample;
				PRODUCT_NAME = "$(TARGET_NAME)";
				PROVISIONING_PROFILE = "";
				PROVISIONING_PROFILE_SPECIFIER = "";
				"PROVISIONING_PROFILE_SPECIFIER[sdk=iphoneos*]" = DanubeDistribution;
				TARGETED_DEVICE_FAMILY = "1,2";
				VALIDATE_PRODUCT = YES;
			};
			name = Release;
		};
		C01FCF4F08A954540054247B /* Debug */ = {
			isa = XCBuildConfiguration;
			buildSettings = {
				CLANG_ANALYZER_LOCALIZABILITY_NONLOCALIZED = YES;
				CLANG_WARN_BLOCK_CAPTURE_AUTORELEASING = YES;
				CLANG_WARN_BOOL_CONVERSION = YES;
				CLANG_WARN_COMMA = YES;
				CLANG_WARN_CONSTANT_CONVERSION = YES;
				CLANG_WARN_DEPRECATED_OBJC_IMPLEMENTATIONS = YES;
				CLANG_WARN_EMPTY_BODY = YES;
				CLANG_WARN_ENUM_CONVERSION = YES;
				CLANG_WARN_INFINITE_RECURSION = YES;
				CLANG_WARN_INT_CONVERSION = YES;
				CLANG_WARN_NON_LITERAL_NULL_CONVERSION = YES;
				CLANG_WARN_OBJC_IMPLICIT_RETAIN_SELF = YES;
				CLANG_WARN_OBJC_LITERAL_CONVERSION = YES;
				CLANG_WARN_QUOTED_INCLUDE_IN_FRAMEWORK_HEADER = YES;
				CLANG_WARN_RANGE_LOOP_ANALYSIS = YES;
				CLANG_WARN_STRICT_PROTOTYPES = YES;
				CLANG_WARN_SUSPICIOUS_MOVE = YES;
				CLANG_WARN_UNREACHABLE_CODE = YES;
				CLANG_WARN__DUPLICATE_METHOD_MATCH = YES;
				"CODE_SIGN_IDENTITY[sdk=iphoneos*]" = "iPhone Developer";
				ENABLE_STRICT_OBJC_MSGSEND = YES;
				ENABLE_TESTABILITY = YES;
				ENABLE_USER_SCRIPT_SANDBOXING = YES;
				GCC_C_LANGUAGE_STANDARD = c99;
				GCC_NO_COMMON_BLOCKS = YES;
				GCC_WARN_64_TO_32_BIT_CONVERSION = YES;
				GCC_WARN_ABOUT_RETURN_TYPE = YES;
				GCC_WARN_UNDECLARED_SELECTOR = YES;
				GCC_WARN_UNINITIALIZED_AUTOS = YES;
				GCC_WARN_UNUSED_FUNCTION = YES;
				GCC_WARN_UNUSED_VARIABLE = YES;
				IPHONEOS_DEPLOYMENT_TARGET = 17.0;
				ONLY_ACTIVE_ARCH = YES;
				SDKROOT = iphoneos;
			};
			name = Debug;
		};
		C01FCF5008A954540054247B /* Release */ = {
			isa = XCBuildConfiguration;
			buildSettings = {
				CLANG_ANALYZER_LOCALIZABILITY_NONLOCALIZED = YES;
				CLANG_WARN_BLOCK_CAPTURE_AUTORELEASING = YES;
				CLANG_WARN_BOOL_CONVERSION = YES;
				CLANG_WARN_COMMA = YES;
				CLANG_WARN_CONSTANT_CONVERSION = YES;
				CLANG_WARN_DEPRECATED_OBJC_IMPLEMENTATIONS = YES;
				CLANG_WARN_EMPTY_BODY = YES;
				CLANG_WARN_ENUM_CONVERSION = YES;
				CLANG_WARN_INFINITE_RECURSION = YES;
				CLANG_WARN_INT_CONVERSION = YES;
				CLANG_WARN_NON_LITERAL_NULL_CONVERSION = YES;
				CLANG_WARN_OBJC_IMPLICIT_RETAIN_SELF = YES;
				CLANG_WARN_OBJC_LITERAL_CONVERSION = YES;
				CLANG_WARN_QUOTED_INCLUDE_IN_FRAMEWORK_HEADER = YES;
				CLANG_WARN_RANGE_LOOP_ANALYSIS = YES;
				CLANG_WARN_STRICT_PROTOTYPES = YES;
				CLANG_WARN_SUSPICIOUS_MOVE = YES;
				CLANG_WARN_UNREACHABLE_CODE = YES;
				CLANG_WARN__DUPLICATE_METHOD_MATCH = YES;
				"CODE_SIGN_IDENTITY[sdk=iphoneos*]" = "iPhone Developer";
				ENABLE_STRICT_OBJC_MSGSEND = YES;
				ENABLE_USER_SCRIPT_SANDBOXING = YES;
				GCC_C_LANGUAGE_STANDARD = c99;
				GCC_NO_COMMON_BLOCKS = YES;
				GCC_WARN_64_TO_32_BIT_CONVERSION = YES;
				GCC_WARN_ABOUT_RETURN_TYPE = YES;
				GCC_WARN_UNDECLARED_SELECTOR = YES;
				GCC_WARN_UNINITIALIZED_AUTOS = YES;
				GCC_WARN_UNUSED_FUNCTION = YES;
				GCC_WARN_UNUSED_VARIABLE = YES;
				IPHONEOS_DEPLOYMENT_TARGET = 17.0;
				OTHER_CFLAGS = "-DNS_BLOCK_ASSERTIONS=1";
				SDKROOT = iphoneos;
			};
			name = Release;
		};
/* End XCBuildConfiguration section */

/* Begin XCConfigurationList section */
		1DBC667925C29F2300B955D1 /* Build configuration list for PBXNativeTarget "DMSpeechKitDocSample" */ = {
			isa = XCConfigurationList;
			buildConfigurations = (
				1DBC667A25C29F2300B955D1 /* Debug */,
				1DBC667B25C29F2300B955D1 /* Release */,
			);
			defaultConfigurationIsVisible = 0;
			defaultConfigurationName = Release;
		};
		C01FCF4E08A954540054247B /* Build configuration list for PBXProject "DMSpeechKitDocSample" */ = {
			isa = XCConfigurationList;
			buildConfigurations = (
				C01FCF4F08A954540054247B /* Debug */,
				C01FCF5008A954540054247B /* Release */,
			);
			defaultConfigurationIsVisible = 0;
			defaultConfigurationName = Release;
		};
/* End XCConfigurationList section */

/* Begin XCRemoteSwiftPackageReference section */
		1FDDDA652D00499C00138B41 /* XCRemoteSwiftPackageReference "DMSK-iOS" */ = {
			isa = XCRemoteSwiftPackageReference;
			repositoryURL = "https://github.com/microsoftconnect/DMSK-iOS.git";
			requirement = {
				kind = exactVersion;
				version = 7.2.2;
			};
		};
/* End XCRemoteSwiftPackageReference section */

/* Begin XCSwiftPackageProductDependency section */
		1FDDDA662D00499C00138B41 /* Dragon-Medical-SpeechKit-iOS */ = {
			isa = XCSwiftPackageProductDependency;
			package = 1FDDDA652D00499C00138B41 /* XCRemoteSwiftPackageReference "DMSK-iOS" */;
			productName = "Dragon-Medical-SpeechKit-iOS";
		};
/* End XCSwiftPackageProductDependency section */
	};
	rootObject = 29B97313FDCFA39411CA2CEA /* Project object */;
}
